
Microsoft Visual Studio Solution File, Format Version 12.00
# Visual Studio Version 16
VisualStudioVersion = 16.0.28803.156
MinimumVisualStudioVersion = 10.0.40219.1
Project("{FAE04EC0-301F-11D3-BF4B-00C04F79EFBC}") = "HouseSystem", "HouseSystem\HouseSystem.csproj", "{1E9CD5AE-DA9C-4B57-A708-CCC7B42A53D3}"
EndProject
Global
	GlobalSection(SolutionConfigurationPlatforms) = preSolution
		Debug|Any CPU = Debug|Any CPU
		Release|Any CPU = Release|Any CPU
	EndGlobalSection
	GlobalSection(ProjectConfigurationPlatforms) = postSolution
		{1E9CD5AE-DA9C-4B57-A708-CCC7B42A53D3}.Debug|Any CPU.ActiveCfg = Debug|Any CPU
		{1E9CD5AE-DA9C-4B57-A708-CCC7B42A53D3}.Debug|Any CPU.Build.0 = Debug|Any CPU
		{1E9CD5AE-DA9C-4B57-A708-CCC7B42A53D3}.Release|Any CPU.ActiveCfg = Release|Any CPU
		{1E9CD5AE-DA9C-4B57-A708-CCC7B42A53D3}.Release|Any CPU.Build.0 = Release|Any CPU
	EndGlobalSection
	GlobalSection(SolutionProperties) = preSolution
		HideSolutionNode = FALSE
	EndGlobalSection
	GlobalSection(ExtensibilityGlobals) = postSolution
		SolutionGuid = {58798D00-5BDB-432A-B758-019BB47520A1}
	EndGlobalSection
EndGlobal
